
Microsoft Visual Studio Solution File, Format Version 12.00
# Visual Studio 15
VisualStudioVersion = 15.0.26228.9
MinimumVisualStudioVersion = 10.0.40219.1
Project("{FAE04EC0-301F-11D3-BF4B-00C04F79EFBC}") = "CupCakeHeaven", "CupCakeHeaven\CupCakeHeaven.csproj", "{97F79B32-F90C-4847-8C14-7CE995618332}"
EndProject
Project("{FAE04EC0-301F-11D3-BF4B-00C04F79EFBC}") = "CupCakeHeaven.Tests", "CupCakeHeaven.Tests\CupCakeHeaven.Tests.csproj", "{1A9C8AFF-0446-4AB8-8CAA-7885118FF3B2}"
EndProject
Project("{151D2E53-A2C4-4D7D-83FE-D05416EBD58E}") = "CupCakeHeaven.IaC", "CupCakeHeaven.IaC\CupCakeHeaven.IaC.deployproj", "{4843180E-92AF-42BB-BAFD-48783C386BF0}"
EndProject
Global
	GlobalSection(SolutionConfigurationPlatforms) = preSolution
		Debug|Any CPU = Debug|Any CPU
		Release|Any CPU = Release|Any CPU
	EndGlobalSection
	GlobalSection(ProjectConfigurationPlatforms) = postSolution
		{97F79B32-F90C-4847-8C14-7CE995618332}.Debug|Any CPU.ActiveCfg = Debug|Any CPU
		{97F79B32-F90C-4847-8C14-7CE995618332}.Debug|Any CPU.Build.0 = Debug|Any CPU
		{97F79B32-F90C-4847-8C14-7CE995618332}.Release|Any CPU.ActiveCfg = Release|Any CPU
		{97F79B32-F90C-4847-8C14-7CE995618332}.Release|Any CPU.Build.0 = Release|Any CPU
		{1A9C8AFF-0446-4AB8-8CAA-7885118FF3B2}.Debug|Any CPU.ActiveCfg = Debug|Any CPU
		{1A9C8AFF-0446-4AB8-8CAA-7885118FF3B2}.Debug|Any CPU.Build.0 = Debug|Any CPU
		{1A9C8AFF-0446-4AB8-8CAA-7885118FF3B2}.Release|Any CPU.ActiveCfg = Release|Any CPU
		{1A9C8AFF-0446-4AB8-8CAA-7885118FF3B2}.Release|Any CPU.Build.0 = Release|Any CPU
		{4843180E-92AF-42BB-BAFD-48783C386BF0}.Debug|Any CPU.ActiveCfg = Debug|Any CPU
		{4843180E-92AF-42BB-BAFD-48783C386BF0}.Debug|Any CPU.Build.0 = Debug|Any CPU
		{4843180E-92AF-42BB-BAFD-48783C386BF0}.Release|Any CPU.ActiveCfg = Release|Any CPU
		{4843180E-92AF-42BB-BAFD-48783C386BF0}.Release|Any CPU.Build.0 = Release|Any CPU
	EndGlobalSection
	GlobalSection(SolutionProperties) = preSolution
		HideSolutionNode = FALSE
	EndGlobalSection
	GlobalSection(ExtensibilityGlobals) = postSolution
		SolutionGuid = {7E0F0B91-B3FE-465A-8DBD-FD7705E8FB8B}
	EndGlobalSection
EndGlobal
